
Microsoft Visual Studio Solution File, Format Version 12.00
# Visual Studio Version 17
VisualStudioVersion = 17.11.35327.3
MinimumVisualStudioVersion = 10.0.40219.1
Project("{FAE04EC0-301F-11D3-BF4B-00C04F79EFBC}") = "TestJsonEnumConverter", "TestJsonEnumConverter\TestJsonEnumConverter.csproj", "{231265CD-4D44-45B3-AD6F-4765D05E6FF8}"
EndProject
Global
	GlobalSection(SolutionConfigurationPlatforms) = preSolution
		Debug|Any CPU = Debug|Any CPU
		Release|Any CPU = Release|Any CPU
	EndGlobalSection
	GlobalSection(ProjectConfigurationPlatforms) = postSolution
		{231265CD-4D44-45B3-AD6F-4765D05E6FF8}.Debug|Any CPU.ActiveCfg = Debug|Any CPU
		{231265CD-4D44-45B3-AD6F-4765D05E6FF8}.Debug|Any CPU.Build.0 = Debug|Any CPU
		{231265CD-4D44-45B3-AD6F-4765D05E6FF8}.Release|Any CPU.ActiveCfg = Release|Any CPU
		{231265CD-4D44-45B3-AD6F-4765D05E6FF8}.Release|Any CPU.Build.0 = Release|Any CPU
	EndGlobalSection
	GlobalSection(SolutionProperties) = preSolution
		HideSolutionNode = FALSE
	EndGlobalSection
	GlobalSection(ExtensibilityGlobals) = postSolution
		SolutionGuid = {7DD7F975-37E9-4F17-9808-60A3F970B4BD}
	EndGlobalSection
EndGlobal
